
Microsoft Visual Studio Solution File, Format Version 12.00
# Visual Studio Version 17
VisualStudioVersion = 17.5.002.0
MinimumVisualStudioVersion = 10.0.40219.1
Project("{9A19103F-16F7-4668-BE54-9A1E7A4F7556}") = "Restaurant-table-control-api", "Restaurant-table-control-api.csproj", "{E3C65FE9-217A-4816-B06B-59A4A9AE9E4B}"
EndProject
Global
	GlobalSection(SolutionConfigurationPlatforms) = preSolution
		Debug|Any CPU = Debug|Any CPU
		Release|Any CPU = Release|Any CPU
	EndGlobalSection
	GlobalSection(ProjectConfigurationPlatforms) = postSolution
		{E3C65FE9-217A-4816-B06B-59A4A9AE9E4B}.Debug|Any CPU.ActiveCfg = Debug|Any CPU
		{E3C65FE9-217A-4816-B06B-59A4A9AE9E4B}.Debug|Any CPU.Build.0 = Debug|Any CPU
		{E3C65FE9-217A-4816-B06B-59A4A9AE9E4B}.Release|Any CPU.ActiveCfg = Release|Any CPU
		{E3C65FE9-217A-4816-B06B-59A4A9AE9E4B}.Release|Any CPU.Build.0 = Release|Any CPU
	EndGlobalSection
	GlobalSection(SolutionProperties) = preSolution
		HideSolutionNode = FALSE
	EndGlobalSection
	GlobalSection(ExtensibilityGlobals) = postSolution
		SolutionGuid = {639855B7-F344-4AB0-A23E-71EC6E11AD51}
	EndGlobalSection
EndGlobal
