
Microsoft Visual Studio Solution File, Format Version 12.00
# Visual Studio Version 17
VisualStudioVersion = 17.8.34330.188
MinimumVisualStudioVersion = 10.0.40219.1
Project("{FAE04EC0-301F-11D3-BF4B-00C04F79EFBC}") = "Restaurant-table-control-api", "Restaurant-table-control-api\Restaurant-table-control-api.csproj", "{76005D89-1932-4D57-AB9E-3D2D32137C22}"
EndProject
Global
	GlobalSection(SolutionConfigurationPlatforms) = preSolution
		Debug|Any CPU = Debug|Any CPU
		Release|Any CPU = Release|Any CPU
	EndGlobalSection
	GlobalSection(ProjectConfigurationPlatforms) = postSolution
		{76005D89-1932-4D57-AB9E-3D2D32137C22}.Debug|Any CPU.ActiveCfg = Debug|Any CPU
		{76005D89-1932-4D57-AB9E-3D2D32137C22}.Debug|Any CPU.Build.0 = Debug|Any CPU
		{76005D89-1932-4D57-AB9E-3D2D32137C22}.Release|Any CPU.ActiveCfg = Release|Any CPU
		{76005D89-1932-4D57-AB9E-3D2D32137C22}.Release|Any CPU.Build.0 = Release|Any CPU
	EndGlobalSection
	GlobalSection(SolutionProperties) = preSolution
		HideSolutionNode = FALSE
	EndGlobalSection
	GlobalSection(ExtensibilityGlobals) = postSolution
		SolutionGuid = {9A519819-C21B-433F-8256-734412540C93}
	EndGlobalSection
EndGlobal
